
Microsoft Visual Studio Solution File, Format Version 12.00
# Visual Studio Version 17
VisualStudioVersion = 17.5.002.0
MinimumVisualStudioVersion = 10.0.40219.1
Project("{9A19103F-16F7-4668-BE54-9A1E7A4F7556}") = "exercicio1", "exercicio1.csproj", "{E67E53EB-E3D1-4DA1-A176-5F85913B9A4D}"
EndProject
Global
	GlobalSection(SolutionConfigurationPlatforms) = preSolution
		Debug|Any CPU = Debug|Any CPU
		Release|Any CPU = Release|Any CPU
	EndGlobalSection
	GlobalSection(ProjectConfigurationPlatforms) = postSolution
		{E67E53EB-E3D1-4DA1-A176-5F85913B9A4D}.Debug|Any CPU.ActiveCfg = Debug|Any CPU
		{E67E53EB-E3D1-4DA1-A176-5F85913B9A4D}.Debug|Any CPU.Build.0 = Debug|Any CPU
		{E67E53EB-E3D1-4DA1-A176-5F85913B9A4D}.Release|Any CPU.ActiveCfg = Release|Any CPU
		{E67E53EB-E3D1-4DA1-A176-5F85913B9A4D}.Release|Any CPU.Build.0 = Release|Any CPU
	EndGlobalSection
	GlobalSection(SolutionProperties) = preSolution
		HideSolutionNode = FALSE
	EndGlobalSection
	GlobalSection(ExtensibilityGlobals) = postSolution
		SolutionGuid = {EE01548A-D000-4F22-B821-6E8587EEBE53}
	EndGlobalSection
EndGlobal
