
Microsoft Visual Studio Solution File, Format Version 12.00
# Visual Studio Version 17
VisualStudioVersion = 17.5.002.0
MinimumVisualStudioVersion = 10.0.40219.1
Project("{9A19103F-16F7-4668-BE54-9A1E7A4F7556}") = "ex 01", "ex 01.csproj", "{101809C9-7B9D-4E3D-ADF7-7D3C47BB17B9}"
EndProject
Global
	GlobalSection(SolutionConfigurationPlatforms) = preSolution
		Debug|Any CPU = Debug|Any CPU
		Release|Any CPU = Release|Any CPU
	EndGlobalSection
	GlobalSection(ProjectConfigurationPlatforms) = postSolution
		{101809C9-7B9D-4E3D-ADF7-7D3C47BB17B9}.Debug|Any CPU.ActiveCfg = Debug|Any CPU
		{101809C9-7B9D-4E3D-ADF7-7D3C47BB17B9}.Debug|Any CPU.Build.0 = Debug|Any CPU
		{101809C9-7B9D-4E3D-ADF7-7D3C47BB17B9}.Release|Any CPU.ActiveCfg = Release|Any CPU
		{101809C9-7B9D-4E3D-ADF7-7D3C47BB17B9}.Release|Any CPU.Build.0 = Release|Any CPU
	EndGlobalSection
	GlobalSection(SolutionProperties) = preSolution
		HideSolutionNode = FALSE
	EndGlobalSection
	GlobalSection(ExtensibilityGlobals) = postSolution
		SolutionGuid = {7558CCF4-808F-49EA-9629-379986AB478E}
	EndGlobalSection
EndGlobal
