
Microsoft Visual Studio Solution File, Format Version 12.00
# Visual Studio Version 17
VisualStudioVersion = 17.5.002.0
MinimumVisualStudioVersion = 10.0.40219.1
Project("{9A19103F-16F7-4668-BE54-9A1E7A4F7556}") = "exercicio2", "exercicio2.csproj", "{3F58F56E-C882-4CBC-8B5D-CDDED7C4F419}"
EndProject
Global
	GlobalSection(SolutionConfigurationPlatforms) = preSolution
		Debug|Any CPU = Debug|Any CPU
		Release|Any CPU = Release|Any CPU
	EndGlobalSection
	GlobalSection(ProjectConfigurationPlatforms) = postSolution
		{3F58F56E-C882-4CBC-8B5D-CDDED7C4F419}.Debug|Any CPU.ActiveCfg = Debug|Any CPU
		{3F58F56E-C882-4CBC-8B5D-CDDED7C4F419}.Debug|Any CPU.Build.0 = Debug|Any CPU
		{3F58F56E-C882-4CBC-8B5D-CDDED7C4F419}.Release|Any CPU.ActiveCfg = Release|Any CPU
		{3F58F56E-C882-4CBC-8B5D-CDDED7C4F419}.Release|Any CPU.Build.0 = Release|Any CPU
	EndGlobalSection
	GlobalSection(SolutionProperties) = preSolution
		HideSolutionNode = FALSE
	EndGlobalSection
	GlobalSection(ExtensibilityGlobals) = postSolution
		SolutionGuid = {450E4D04-1D41-4C46-9FA3-7E7E069405F3}
	EndGlobalSection
EndGlobal
