
Microsoft Visual Studio Solution File, Format Version 12.00
# Visual Studio Version 17
VisualStudioVersion = 17.5.002.0
MinimumVisualStudioVersion = 10.0.40219.1
Project("{9A19103F-16F7-4668-BE54-9A1E7A4F7556}") = "ex03", "ex03.csproj", "{291A6E3E-511C-4422-B41E-21500E3EDF1E}"
EndProject
Global
	GlobalSection(SolutionConfigurationPlatforms) = preSolution
		Debug|Any CPU = Debug|Any CPU
		Release|Any CPU = Release|Any CPU
	EndGlobalSection
	GlobalSection(ProjectConfigurationPlatforms) = postSolution
		{291A6E3E-511C-4422-B41E-21500E3EDF1E}.Debug|Any CPU.ActiveCfg = Debug|Any CPU
		{291A6E3E-511C-4422-B41E-21500E3EDF1E}.Debug|Any CPU.Build.0 = Debug|Any CPU
		{291A6E3E-511C-4422-B41E-21500E3EDF1E}.Release|Any CPU.ActiveCfg = Release|Any CPU
		{291A6E3E-511C-4422-B41E-21500E3EDF1E}.Release|Any CPU.Build.0 = Release|Any CPU
	EndGlobalSection
	GlobalSection(SolutionProperties) = preSolution
		HideSolutionNode = FALSE
	EndGlobalSection
	GlobalSection(ExtensibilityGlobals) = postSolution
		SolutionGuid = {1C88E8E5-6594-407C-895F-40453DACA997}
	EndGlobalSection
EndGlobal
